// !$*UTF8*$!
{
	archiveVersion = 1;
	classes = {
	};
	objectVersion = 77;
	objects = {

/* Begin PBXBuildFile section */
		04F2FEE8441C4B00787562DF /* WeatherChannelView.swift in Sources */ = {isa = PBXBuildFile; fileRef = 062F46E3698C74398933FD0B /* WeatherChannelView.swift */; };
		05A72FAC8332307A99F87C87 /* SerialPortDiscoveryTests.swift in Sources */ = {isa = PBXBuildFile; fileRef = F0AA194BFD186E02ED8A7371 /* SerialPortDiscoveryTests.swift */; };
		05F1EE4A0D9D320D58AC3970 /* RadioSettingsView.swift in Sources */ = {isa = PBXBuildFile; fileRef = DF5B04F8227AAE6DF304A5EC /* RadioSettingsView.swift */; };
		0801BF53A18E5E9A3E357FCC /* THD75LiveConnection.swift in Sources */ = {isa = PBXBuildFile; fileRef = 63CF3DA91605E63CDBD43E40 /* THD75LiveConnection.swift */; };
		0BE10074EE5C829C1B3CA266 /* MMDVMProtocol.swift in Sources */ = {isa = PBXBuildFile; fileRef = 69D5A8C36ABC0CC8CB32CBBD /* MMDVMProtocol.swift */; };
		0ED9FB143EC41711DA0A23C2 /* LiveBluetoothTests.swift in Sources */ = {isa = PBXBuildFile; fileRef = F8E28B26C863334B10FF4239 /* LiveBluetoothTests.swift */; };
		10A3C5EFD723DDFEFED3830F /* DCSClient.swift in Sources */ = {isa = PBXBuildFile; fileRef = F53DB30CA52FEC47FE3A6B7D /* DCSClient.swift */; };
		14D4E43F8ECFDA1971D86502 /* SlowDataDecoder.swift in Sources */ = {isa = PBXBuildFile; fileRef = 6F5BE7C069A9C9DBE16018A0 /* SlowDataDecoder.swift */; };
		164E3D0321F3827A9D18E3EF /* TerminalModeProtocol.swift in Sources */ = {isa = PBXBuildFile; fileRef = 618F77202B883241885B943E /* TerminalModeProtocol.swift */; };
		164E7757B1392C60F2A58481 /* ReflectorClientProtocol.swift in Sources */ = {isa = PBXBuildFile; fileRef = 8A4F6E96878342FCCF0B4A13 /* ReflectorClientProtocol.swift */; };
		1733B82ED144766BBF76FD27 /* FavoritesManager.swift in Sources */ = {isa = PBXBuildFile; fileRef = DCBF88117137CD84544B1C47 /* FavoritesManager.swift */; };
		1EEB7B8375CC44C71A4FFA50 /* DExtraClient.swift in Sources */ = {isa = PBXBuildFile; fileRef = 8A396A50E8532099A21101FF /* DExtraClient.swift */; };
		1FF4AF875B2A4B9EC70580F2 /* DExtraProtocol.swift in Sources */ = {isa = PBXBuildFile; fileRef = 5E7CEC04673436B0B1C14A25 /* DExtraProtocol.swift */; };
		2184050685DD42FE15D7628F /* ReflectorHostLookup.swift in Sources */ = {isa = PBXBuildFile; fileRef = D95CE58190A0B3B4D74FB0EB /* ReflectorHostLookup.swift */; };
		28A3278371007726848854E9 /* TH_ProgrammerApp.swift in Sources */ = {isa = PBXBuildFile; fileRef = A3DC727B0C0128D9BE66540B /* TH_ProgrammerApp.swift */; };
		2CC86C6DAE35F46165931EF2 /* MMDVMParser.swift in Sources */ = {isa = PBXBuildFile; fileRef = 47B22C18890A445818921CE9 /* MMDVMParser.swift */; };
		336DBFFB0C7D536094C214AE /* ScanEdgeView.swift in Sources */ = {isa = PBXBuildFile; fileRef = B1078AF4F0AF42D5EAFC433D /* ScanEdgeView.swift */; };
		341151DF610D61B84E6F35A6 /* imbe7200x4400.c in Sources */ = {isa = PBXBuildFile; fileRef = 2E66EDA9A2F3CEF572E0CCBC /* imbe7200x4400.c */; settings = {COMPILER_FLAGS = "-w"; }; };
		3FDE74512FEF21B01AFDC380 /* HotspotView.swift in Sources */ = {isa = PBXBuildFile; fileRef = A48199DA4CFE7A72EF57D497 /* HotspotView.swift */; };
		41AC195A582C5F5994C79DA2 /* AMBECodec.swift in Sources */ = {isa = PBXBuildFile; fileRef = 278BDC1B1B7C1E652732CF4E /* AMBECodec.swift */; };
		435809C07347CE9A782CEF25 /* ambe3600x2400.c in Sources */ = {isa = PBXBuildFile; fileRef = 33ADF2DFB160B97F2243BC2B /* ambe3600x2400.c */; settings = {COMPILER_FLAGS = "-w"; }; };
		45BD05B824C5EDE144D6F634 /* AudioDeviceManager.swift in Sources */ = {isa = PBXBuildFile; fileRef = 0F2286E8053D4DDD65939EF7 /* AudioDeviceManager.swift */; };
		46387DA490FC117EC49D5DA5 /* DCSProtocolTests.swift in Sources */ = {isa = PBXBuildFile; fileRef = 1F121863CEB2219C450634C9 /* DCSProtocolTests.swift */; };
		47AA6D92862CFBA02A9F5D3C /* ecc.c in Sources */ = {isa = PBXBuildFile; fileRef = 9C6CAEBA208D946A5B0EA2D9 /* ecc.c */; settings = {COMPILER_FLAGS = "-w"; }; };
		4D9F6C9E6A3AFE43A0940935 /* DRRepeaterView.swift in Sources */ = {isa = PBXBuildFile; fileRef = 8239947C6081AF47E40E60EA /* DRRepeaterView.swift */; };
		4DDC19F9A2EFF72EE0186BBD /* DPlusClient.swift in Sources */ = {isa = PBXBuildFile; fileRef = D696CA474D2E08A0DF2BC604 /* DPlusClient.swift */; };
		534BE35A6C489773896B5FEA /* ChannelEditSheet.swift in Sources */ = {isa = PBXBuildFile; fileRef = 156E2B55627E19B718381055 /* ChannelEditSheet.swift */; };
		5E4136534F1AD0CCAC2B1143 /* HeardStation.swift in Sources */ = {isa = PBXBuildFile; fileRef = 3370B543091F9AD67A31CB9E /* HeardStation.swift */; };
		5EC1030BEDE1B9F3777C7B8C /* RadioConstants.swift in Sources */ = {isa = PBXBuildFile; fileRef = 3223836CB9EB7EEB6DEEE2DD /* RadioConstants.swift */; };
		60CF72359936CF0217F11A7D /* DSTARSettingsView.swift in Sources */ = {isa = PBXBuildFile; fileRef = 4A16782094B82184D4923A33 /* DSTARSettingsView.swift */; };
		63ABB9D7293D05F9C1FF1750 /* RadioSettings.swift in Sources */ = {isa = PBXBuildFile; fileRef = 27F9DA30B15F36513AD817EE /* RadioSettings.swift */; };
		68597C880043C2C49BBDACE3 /* TerminalModeClient.swift in Sources */ = {isa = PBXBuildFile; fileRef = F8C7E87D08578B7A1BB19C41 /* TerminalModeClient.swift */; };
		68C0089DA276D245D74E3FF9 /* ChannelMemory.swift in Sources */ = {isa = PBXBuildFile; fileRef = 9209B21CA2A445E671DDEE4B /* ChannelMemory.swift */; };
		68C041BE2C89E731A19DD29A /* DPlusAuthenticator.swift in Sources */ = {isa = PBXBuildFile; fileRef = 422C953119F022DCAEF4AE83 /* DPlusAuthenticator.swift */; };
		68C94556B3955D204BAC1334 /* DExtraProtocolTests.swift in Sources */ = {isa = PBXBuildFile; fileRef = F3077A7F80E896500A93C293 /* DExtraProtocolTests.swift */; };
		6E27A5C26391DAD776B12474 /* AudioEngine.swift in Sources */ = {isa = PBXBuildFile; fileRef = 69E485B095268EC19FA1397A /* AudioEngine.swift */; };
		7082FA5920E855DD68AF6245 /* SerialPort.swift in Sources */ = {isa = PBXBuildFile; fileRef = 9213AA3B67FE35CEA6FA7F27 /* SerialPort.swift */; };
		72D1B2E8509D544B0F2A64D3 /* DSTARSettingsTests.swift in Sources */ = {isa = PBXBuildFile; fileRef = BB9441C08EC601F0C4AABC39 /* DSTARSettingsTests.swift */; };
		75BD8B9E5A30F4C6FD5E00C6 /* GatewayMode.swift in Sources */ = {isa = PBXBuildFile; fileRef = 4CF1ED748E3BCEEE73D70E56 /* GatewayMode.swift */; };
		79327A2C6DDECB361653F7EA /* ReflectorTarget.swift in Sources */ = {isa = PBXBuildFile; fileRef = D0D84661A9CD96AD135470CF /* ReflectorTarget.swift */; };
		7FF0AA4891A2C4A4F9F86F5E /* ReflectorStore.swift in Sources */ = {isa = PBXBuildFile; fileRef = 209CB45ECA780828F2ACE530 /* ReflectorStore.swift */; };
		802CA79E195A9B302868BFF2 /* MMDVMTransport.swift in Sources */ = {isa = PBXBuildFile; fileRef = 23835E758FBA2252B0D9F444 /* MMDVMTransport.swift */; };
		80DCD3621B22FA63CE564BDD /* DCSProtocol.swift in Sources */ = {isa = PBXBuildFile; fileRef = CF74353C616F7A519D8D93AE /* DCSProtocol.swift */; };
		8159C2DA806F77902E98A0B9 /* DVFrameDCSTests.swift in Sources */ = {isa = PBXBuildFile; fileRef = E43B99E301D89E237D23127E /* DVFrameDCSTests.swift */; };
		88C2264E3DDA3A6E7D413FA9 /* ReflectorFavorite.swift in Sources */ = {isa = PBXBuildFile; fileRef = 5CCB47A77FE83E16BCB4A10C /* ReflectorFavorite.swift */; };
		89207E9075DA46020FCC178D /* THD75LiveTests.swift in Sources */ = {isa = PBXBuildFile; fileRef = 0752BE7C4DED2F0811BAF740 /* THD75LiveTests.swift */; };
		8B0AD2FE85F0C8299E919EFE /* APRSSettingsView.swift in Sources */ = {isa = PBXBuildFile; fileRef = C352622C78641E5200E9FE42 /* APRSSettingsView.swift */; };
		8B0BF65B7F1BED7B679E0B5D /* SerialPortDiscovery.swift in Sources */ = {isa = PBXBuildFile; fileRef = C3BDBD2AADD87916ECFEC60C /* SerialPortDiscovery.swift */; };
		8C586FB98DDEF07B54A1A949 /* ChannelListView.swift in Sources */ = {isa = PBXBuildFile; fileRef = 9245B3B8AC23F7B912B899AB /* ChannelListView.swift */; };
		8D086BE5EB965CD5B876202C /* USBRadioDetector.swift in Sources */ = {isa = PBXBuildFile; fileRef = 6927321EF873A4E46CC8A0A7 /* USBRadioDetector.swift */; };
		907BB6F148C8605AAB33BCE6 /* ReflectorView.swift in Sources */ = {isa = PBXBuildFile; fileRef = 0A666BC4A74047CE7804AFF4 /* ReflectorView.swift */; };
		92C237D560CBF1247877DEDD /* AMBEDeinterleaveTests.swift in Sources */ = {isa = PBXBuildFile; fileRef = 8556614B2B656025DAD5F7DC /* AMBEDeinterleaveTests.swift */; };
		95E16D8FDBB09736AE66B176 /* CommunicationSettingsView.swift in Sources */ = {isa = PBXBuildFile; fileRef = F4FDD994784BC0C05312E68E /* CommunicationSettingsView.swift */; };
		9B336A7FC8532B3FA18A50A6 /* LiveControlSheet.swift in Sources */ = {isa = PBXBuildFile; fileRef = CAF5E181DED3F7746B432A06 /* LiveControlSheet.swift */; };
		A09A78BF5618CBFDE3E76C50 /* ReflectorHostLookupTests.swift in Sources */ = {isa = PBXBuildFile; fileRef = 91C5853D29BD147BD9005783 /* ReflectorHostLookupTests.swift */; };
		A1DC532ABB63C7022DE35962 /* NewCommandTests.swift in Sources */ = {isa = PBXBuildFile; fileRef = 2D0B44E95AFCD4222410E462 /* NewCommandTests.swift */; };
		A265D998EF5B24DA2DE5172F /* AMBECodecTests.swift in Sources */ = {isa = PBXBuildFile; fileRef = 030E9D9A737F8240CD5ED343 /* AMBECodecTests.swift */; };
		A5E246FA755798604508B899 /* ReflectorDirectory.swift in Sources */ = {isa = PBXBuildFile; fileRef = F6834A7A798C9C3E9668A242 /* ReflectorDirectory.swift */; };
		AAF404503C0521A8A41D3445 /* AudioSourceMode.swift in Sources */ = {isa = PBXBuildFile; fileRef = DE9F02AFFDB5AA1A0DB90F14 /* AudioSourceMode.swift */; };
		B1E8A7225DA7E5008A9831F6 /* RepeaterEntry.swift in Sources */ = {isa = PBXBuildFile; fileRef = 7426888580A1AFF3C4CEDE14 /* RepeaterEntry.swift */; };
		B20F760BF6D83018B2752A5F /* DVFrameTests.swift in Sources */ = {isa = PBXBuildFile; fileRef = 6BC1BD9C60292452144E9A7B /* DVFrameTests.swift */; };
		B4B0A743FA0EA76304F132A8 /* RepeaterBookView.swift in Sources */ = {isa = PBXBuildFile; fileRef = 9B5C1335F64CFAD84EE50A70 /* RepeaterBookView.swift */; };
		B7C69B6883BA28199AC9F6B2 /* RFCOMMTransport.swift in Sources */ = {isa = PBXBuildFile; fileRef = CE76230E3CCB98F5D825FACB /* RFCOMMTransport.swift */; };
		BB8E999F0D87429F5BC9D880 /* AudioRingBufferTests.swift in Sources */ = {isa = PBXBuildFile; fileRef = 9D7A05DB111C8589930F2EA5 /* AudioRingBufferTests.swift */; };
		BBBE36705CAED60CA9D5DE46 /* DPlusProtocol.swift in Sources */ = {isa = PBXBuildFile; fileRef = 249E80DAF59561AC0C356A8E /* DPlusProtocol.swift */; };
		BE57BF583547344C2D2913CB /* THD75Connection.swift in Sources */ = {isa = PBXBuildFile; fileRef = EAA539CCF2611F23FE1AF04E /* THD75Connection.swift */; };
		BE63B949423FC256DA87B5F8 /* SlowDataDecoderTests.swift in Sources */ = {isa = PBXBuildFile; fileRef = 8DCF1BB92EC4623718D2C87E /* SlowDataDecoderTests.swift */; };
		BF35CC3CC8BB8F673426AB52 /* CallChannelView.swift in Sources */ = {isa = PBXBuildFile; fileRef = F9A1DD78A70A3FFE4BFBA301 /* CallChannelView.swift */; };
		C150EC3E6411FD4DEF2714FE /* RadioStore.swift in Sources */ = {isa = PBXBuildFile; fileRef = 7E7DF9778C3926CC35CC3FB6 /* RadioStore.swift */; };
		C49AAE4D71FA486914C81A19 /* ContentView.swift in Sources */ = {isa = PBXBuildFile; fileRef = 46F5EF6659B7CE212A67573E /* ContentView.swift */; };
		C98F51B1CC517C39098C2D91 /* AppSettingsView.swift in Sources */ = {isa = PBXBuildFile; fileRef = D08622879627C35DE156292F /* AppSettingsView.swift */; };
		CBFB36F0BB71B96EA2771464 /* ChannelMemoryTests.swift in Sources */ = {isa = PBXBuildFile; fileRef = 29587BA7D68B6D8199603970 /* ChannelMemoryTests.swift */; };
		CCFEC3239DB1B325F9272B55 /* ambe3600x2450.c in Sources */ = {isa = PBXBuildFile; fileRef = 4C8B72BB1C77366F5F3258AD /* ambe3600x2450.c */; settings = {COMPILER_FLAGS = "-w"; }; };
		CD9846D7DDB5006B6D4247E1 /* RadioSettingsTests.swift in Sources */ = {isa = PBXBuildFile; fileRef = CEAC1592CC6EF270112A1F1C /* RadioSettingsTests.swift */; };
		CDA11095A374C76DA805A6C4 /* ReflectorDirectorySheet.swift in Sources */ = {isa = PBXBuildFile; fileRef = 1D30395625DB5E54A5B74BAC /* ReflectorDirectorySheet.swift */; };
		D9674ACF2C4FCFD9D328259B /* MMDVMSerialTransport.swift in Sources */ = {isa = PBXBuildFile; fileRef = F03A5ACA9DD409F6D45DA900 /* MMDVMSerialTransport.swift */; };
		D9A46FCB8E18FE3AC3BC1A3D /* BluetoothManager.swift in Sources */ = {isa = PBXBuildFile; fileRef = BB1F7829B3B1E38A9866C1E7 /* BluetoothManager.swift */; };
		D9D1C4F29E8025084A788CCA /* MMDVMParserTests.swift in Sources */ = {isa = PBXBuildFile; fileRef = D44A69C66CBBABA4EB91E1AF /* MMDVMParserTests.swift */; };
		DD9E2609DE97976373A06D9C /* BluetoothManagerTests.swift in Sources */ = {isa = PBXBuildFile; fileRef = 7C0D4351896BA629F72DD5A9 /* BluetoothManagerTests.swift */; };
		DF36D9264E81B99D434C342D /* mbelib.c in Sources */ = {isa = PBXBuildFile; fileRef = 39EBC5F98CCA5AA17952A720 /* mbelib.c */; settings = {COMPILER_FLAGS = "-w"; }; };
		DF7A1ADDF6C487DA0415F2B1 /* MMDVMBridge.swift in Sources */ = {isa = PBXBuildFile; fileRef = BDD084255725B53C80CDEB75 /* MMDVMBridge.swift */; };
		E563E48325E2E511E6DFEA3C /* RepeaterEntryTests.swift in Sources */ = {isa = PBXBuildFile; fileRef = 7CB3298280D9C25D0D153900 /* RepeaterEntryTests.swift */; };
		EAE9ECCBAB14C66AAE8F1ADE /* PosixUDPSocket.swift in Sources */ = {isa = PBXBuildFile; fileRef = D2A00423B6162F7B560BA2D7 /* PosixUDPSocket.swift */; };
		EC54718B56888FD2D827960C /* AudioRingBuffer.swift in Sources */ = {isa = PBXBuildFile; fileRef = BAA705A20F485A07E7622358 /* AudioRingBuffer.swift */; };
		F11EFE26D73D5DBF3BDFE3EF /* MemoryMap.swift in Sources */ = {isa = PBXBuildFile; fileRef = 3999E29455D13C2A7E92C142 /* MemoryMap.swift */; };
		F86080CBA6A65A7F999E3B42 /* DVFrame.swift in Sources */ = {isa = PBXBuildFile; fileRef = BC15414932F90BBDAB7AB22C /* DVFrame.swift */; };
		F9D78942673BF9DC497E0C03 /* ChannelEditView.swift in Sources */ = {isa = PBXBuildFile; fileRef = 2DAB9446A358BAAAD1C8397C /* ChannelEditView.swift */; };
/* End PBXBuildFile section */

/* Begin PBXContainerItemProxy section */
		F9E8F5AFA974FC4C005E59F2 /* PBXContainerItemProxy */ = {
			isa = PBXContainerItemProxy;
			containerPortal = 449A398C7A8D1D7BC8F01A19 /* Project object */;
			proxyType = 1;
			remoteGlobalIDString = C412E9D039F0DCE2D4EAC2E5;
			remoteInfo = "TH-Programmer";
		};
/* End PBXContainerItemProxy section */

/* Begin PBXFileReference section */
		030E9D9A737F8240CD5ED343 /* AMBECodecTests.swift */ = {isa = PBXFileReference; lastKnownFileType = sourcecode.swift; path = AMBECodecTests.swift; sourceTree = "<group>"; };
		062F46E3698C74398933FD0B /* WeatherChannelView.swift */ = {isa = PBXFileReference; lastKnownFileType = sourcecode.swift; path = WeatherChannelView.swift; sourceTree = "<group>"; };
		0752BE7C4DED2F0811BAF740 /* THD75LiveTests.swift */ = {isa = PBXFileReference; lastKnownFileType = sourcecode.swift; path = THD75LiveTests.swift; sourceTree = "<group>"; };
		09EF5809A5B8D07384FBDE09 /* mbelib.h */ = {isa = PBXFileReference; lastKnownFileType = sourcecode.c.h; path = mbelib.h; sourceTree = "<group>"; };
		0A666BC4A74047CE7804AFF4 /* ReflectorView.swift */ = {isa = PBXFileReference; lastKnownFileType = sourcecode.swift; path = ReflectorView.swift; sourceTree = "<group>"; };
		0F2286E8053D4DDD65939EF7 /* AudioDeviceManager.swift */ = {isa = PBXFileReference; lastKnownFileType = sourcecode.swift; path = AudioDeviceManager.swift; sourceTree = "<group>"; };
		156E2B55627E19B718381055 /* ChannelEditSheet.swift */ = {isa = PBXFileReference; lastKnownFileType = sourcecode.swift; path = ChannelEditSheet.swift; sourceTree = "<group>"; };
		1D30395625DB5E54A5B74BAC /* ReflectorDirectorySheet.swift */ = {isa = PBXFileReference; lastKnownFileType = sourcecode.swift; path = ReflectorDirectorySheet.swift; sourceTree = "<group>"; };
		1F121863CEB2219C450634C9 /* DCSProtocolTests.swift */ = {isa = PBXFileReference; lastKnownFileType = sourcecode.swift; path = DCSProtocolTests.swift; sourceTree = "<group>"; };
		209CB45ECA780828F2ACE530 /* ReflectorStore.swift */ = {isa = PBXFileReference; lastKnownFileType = sourcecode.swift; path = ReflectorStore.swift; sourceTree = "<group>"; };
		23835E758FBA2252B0D9F444 /* MMDVMTransport.swift */ = {isa = PBXFileReference; lastKnownFileType = sourcecode.swift; path = MMDVMTransport.swift; sourceTree = "<group>"; };
		249E80DAF59561AC0C356A8E /* DPlusProtocol.swift */ = {isa = PBXFileReference; lastKnownFileType = sourcecode.swift; path = DPlusProtocol.swift; sourceTree = "<group>"; };
		278BDC1B1B7C1E652732CF4E /* AMBECodec.swift */ = {isa = PBXFileReference; lastKnownFileType = sourcecode.swift; path = AMBECodec.swift; sourceTree = "<group>"; };
		27F9DA30B15F36513AD817EE /* RadioSettings.swift */ = {isa = PBXFileReference; lastKnownFileType = sourcecode.swift; path = RadioSettings.swift; sourceTree = "<group>"; };
		29587BA7D68B6D8199603970 /* ChannelMemoryTests.swift */ = {isa = PBXFileReference; lastKnownFileType = sourcecode.swift; path = ChannelMemoryTests.swift; sourceTree = "<group>"; };
		2D0B44E95AFCD4222410E462 /* NewCommandTests.swift */ = {isa = PBXFileReference; lastKnownFileType = sourcecode.swift; path = NewCommandTests.swift; sourceTree = "<group>"; };
		2DAB9446A358BAAAD1C8397C /* ChannelEditView.swift */ = {isa = PBXFileReference; lastKnownFileType = sourcecode.swift; path = ChannelEditView.swift; sourceTree = "<group>"; };
		2E66EDA9A2F3CEF572E0CCBC /* imbe7200x4400.c */ = {isa = PBXFileReference; lastKnownFileType = sourcecode.c.c; path = imbe7200x4400.c; sourceTree = "<group>"; };
		3223836CB9EB7EEB6DEEE2DD /* RadioConstants.swift */ = {isa = PBXFileReference; lastKnownFileType = sourcecode.swift; path = RadioConstants.swift; sourceTree = "<group>"; };
		3370B543091F9AD67A31CB9E /* HeardStation.swift */ = {isa = PBXFileReference; lastKnownFileType = sourcecode.swift; path = HeardStation.swift; sourceTree = "<group>"; };
		33ADF2DFB160B97F2243BC2B /* ambe3600x2400.c */ = {isa = PBXFileReference; lastKnownFileType = sourcecode.c.c; path = ambe3600x2400.c; sourceTree = "<group>"; };
		3999E29455D13C2A7E92C142 /* MemoryMap.swift */ = {isa = PBXFileReference; lastKnownFileType = sourcecode.swift; path = MemoryMap.swift; sourceTree = "<group>"; };
		39EBC5F98CCA5AA17952A720 /* mbelib.c */ = {isa = PBXFileReference; lastKnownFileType = sourcecode.c.c; path = mbelib.c; sourceTree = "<group>"; };
		3D9679CF5DE0E1903E794712 /* config.h */ = {isa = PBXFileReference; lastKnownFileType = sourcecode.c.h; path = config.h; sourceTree = "<group>"; };
		422C953119F022DCAEF4AE83 /* DPlusAuthenticator.swift */ = {isa = PBXFileReference; lastKnownFileType = sourcecode.swift; path = DPlusAuthenticator.swift; sourceTree = "<group>"; };
		46F5EF6659B7CE212A67573E /* ContentView.swift */ = {isa = PBXFileReference; lastKnownFileType = sourcecode.swift; path = ContentView.swift; sourceTree = "<group>"; };
		47B22C18890A445818921CE9 /* MMDVMParser.swift */ = {isa = PBXFileReference; lastKnownFileType = sourcecode.swift; path = MMDVMParser.swift; sourceTree = "<group>"; };
		4A16782094B82184D4923A33 /* DSTARSettingsView.swift */ = {isa = PBXFileReference; lastKnownFileType = sourcecode.swift; path = DSTARSettingsView.swift; sourceTree = "<group>"; };
		4C8B72BB1C77366F5F3258AD /* ambe3600x2450.c */ = {isa = PBXFileReference; lastKnownFileType = sourcecode.c.c; path = ambe3600x2450.c; sourceTree = "<group>"; };
		4CF1ED748E3BCEEE73D70E56 /* GatewayMode.swift */ = {isa = PBXFileReference; lastKnownFileType = sourcecode.swift; path = GatewayMode.swift; sourceTree = "<group>"; };
		54442BEB7969A269ECC7E734 /* TH-ProgrammerTests.xctest */ = {isa = PBXFileReference; explicitFileType = wrapper.cfbundle; includeInIndex = 0; path = "TH-ProgrammerTests.xctest"; sourceTree = BUILT_PRODUCTS_DIR; };
		5CCB47A77FE83E16BCB4A10C /* ReflectorFavorite.swift */ = {isa = PBXFileReference; lastKnownFileType = sourcecode.swift; path = ReflectorFavorite.swift; sourceTree = "<group>"; };
		5E7CEC04673436B0B1C14A25 /* DExtraProtocol.swift */ = {isa = PBXFileReference; lastKnownFileType = sourcecode.swift; path = DExtraProtocol.swift; sourceTree = "<group>"; };
		618F77202B883241885B943E /* TerminalModeProtocol.swift */ = {isa = PBXFileReference; lastKnownFileType = sourcecode.swift; path = TerminalModeProtocol.swift; sourceTree = "<group>"; };
		63CF3DA91605E63CDBD43E40 /* THD75LiveConnection.swift */ = {isa = PBXFileReference; lastKnownFileType = sourcecode.swift; path = THD75LiveConnection.swift; sourceTree = "<group>"; };
		6927321EF873A4E46CC8A0A7 /* USBRadioDetector.swift */ = {isa = PBXFileReference; lastKnownFileType = sourcecode.swift; path = USBRadioDetector.swift; sourceTree = "<group>"; };
		69D5A8C36ABC0CC8CB32CBBD /* MMDVMProtocol.swift */ = {isa = PBXFileReference; lastKnownFileType = sourcecode.swift; path = MMDVMProtocol.swift; sourceTree = "<group>"; };
		69E485B095268EC19FA1397A /* AudioEngine.swift */ = {isa = PBXFileReference; lastKnownFileType = sourcecode.swift; path = AudioEngine.swift; sourceTree = "<group>"; };
		6BC1BD9C60292452144E9A7B /* DVFrameTests.swift */ = {isa = PBXFileReference; lastKnownFileType = sourcecode.swift; path = DVFrameTests.swift; sourceTree = "<group>"; };
		6F5BE7C069A9C9DBE16018A0 /* SlowDataDecoder.swift */ = {isa = PBXFileReference; lastKnownFileType = sourcecode.swift; path = SlowDataDecoder.swift; sourceTree = "<group>"; };
		7426888580A1AFF3C4CEDE14 /* RepeaterEntry.swift */ = {isa = PBXFileReference; lastKnownFileType = sourcecode.swift; path = RepeaterEntry.swift; sourceTree = "<group>"; };
		7C0D4351896BA629F72DD5A9 /* BluetoothManagerTests.swift */ = {isa = PBXFileReference; lastKnownFileType = sourcecode.swift; path = BluetoothManagerTests.swift; sourceTree = "<group>"; };
		7CB3298280D9C25D0D153900 /* RepeaterEntryTests.swift */ = {isa = PBXFileReference; lastKnownFileType = sourcecode.swift; path = RepeaterEntryTests.swift; sourceTree = "<group>"; };
		7E7DF9778C3926CC35CC3FB6 /* RadioStore.swift */ = {isa = PBXFileReference; lastKnownFileType = sourcecode.swift; path = RadioStore.swift; sourceTree = "<group>"; };
		8239947C6081AF47E40E60EA /* DRRepeaterView.swift */ = {isa = PBXFileReference; lastKnownFileType = sourcecode.swift; path = DRRepeaterView.swift; sourceTree = "<group>"; };
		84AEE33868C8CE1869BC86D5 /* ambe3600x2450_const.h */ = {isa = PBXFileReference; lastKnownFileType = sourcecode.c.h; path = ambe3600x2450_const.h; sourceTree = "<group>"; };
		8556614B2B656025DAD5F7DC /* AMBEDeinterleaveTests.swift */ = {isa = PBXFileReference; lastKnownFileType = sourcecode.swift; path = AMBEDeinterleaveTests.swift; sourceTree = "<group>"; };
		8A396A50E8532099A21101FF /* DExtraClient.swift */ = {isa = PBXFileReference; lastKnownFileType = sourcecode.swift; path = DExtraClient.swift; sourceTree = "<group>"; };
		8A4F6E96878342FCCF0B4A13 /* ReflectorClientProtocol.swift */ = {isa = PBXFileReference; lastKnownFileType = sourcecode.swift; path = ReflectorClientProtocol.swift; sourceTree = "<group>"; };
		8DCF1BB92EC4623718D2C87E /* SlowDataDecoderTests.swift */ = {isa = PBXFileReference; lastKnownFileType = sourcecode.swift; path = SlowDataDecoderTests.swift; sourceTree = "<group>"; };
		91C5853D29BD147BD9005783 /* ReflectorHostLookupTests.swift */ = {isa = PBXFileReference; lastKnownFileType = sourcecode.swift; path = ReflectorHostLookupTests.swift; sourceTree = "<group>"; };
		9209B21CA2A445E671DDEE4B /* ChannelMemory.swift */ = {isa = PBXFileReference; lastKnownFileType = sourcecode.swift; path = ChannelMemory.swift; sourceTree = "<group>"; };
		9213AA3B67FE35CEA6FA7F27 /* SerialPort.swift */ = {isa = PBXFileReference; lastKnownFileType = sourcecode.swift; path = SerialPort.swift; sourceTree = "<group>"; };
		9245B3B8AC23F7B912B899AB /* ChannelListView.swift */ = {isa = PBXFileReference; lastKnownFileType = sourcecode.swift; path = ChannelListView.swift; sourceTree = "<group>"; };
		9B5C1335F64CFAD84EE50A70 /* RepeaterBookView.swift */ = {isa = PBXFileReference; lastKnownFileType = sourcecode.swift; path = RepeaterBookView.swift; sourceTree = "<group>"; };
		9C6CAEBA208D946A5B0EA2D9 /* ecc.c */ = {isa = PBXFileReference; lastKnownFileType = sourcecode.c.c; path = ecc.c; sourceTree = "<group>"; };
		9D7A05DB111C8589930F2EA5 /* AudioRingBufferTests.swift */ = {isa = PBXFileReference; lastKnownFileType = sourcecode.swift; path = AudioRingBufferTests.swift; sourceTree = "<group>"; };
		A3DC727B0C0128D9BE66540B /* TH_ProgrammerApp.swift */ = {isa = PBXFileReference; lastKnownFileType = sourcecode.swift; path = TH_ProgrammerApp.swift; sourceTree = "<group>"; };
		A48199DA4CFE7A72EF57D497 /* HotspotView.swift */ = {isa = PBXFileReference; lastKnownFileType = sourcecode.swift; path = HotspotView.swift; sourceTree = "<group>"; };
		AAA6FB361EBAACE8F6FCDBB5 /* ambe3600x2400_const.h */ = {isa = PBXFileReference; lastKnownFileType = sourcecode.c.h; path = ambe3600x2400_const.h; sourceTree = "<group>"; };
		B1078AF4F0AF42D5EAFC433D /* ScanEdgeView.swift */ = {isa = PBXFileReference; lastKnownFileType = sourcecode.swift; path = ScanEdgeView.swift; sourceTree = "<group>"; };
		B8718697807DF7F93DAFFBC3 /* LICENSE */ = {isa = PBXFileReference; path = LICENSE; sourceTree = "<group>"; };
		BAA705A20F485A07E7622358 /* AudioRingBuffer.swift */ = {isa = PBXFileReference; lastKnownFileType = sourcecode.swift; path = AudioRingBuffer.swift; sourceTree = "<group>"; };
		BB1F7829B3B1E38A9866C1E7 /* BluetoothManager.swift */ = {isa = PBXFileReference; lastKnownFileType = sourcecode.swift; path = BluetoothManager.swift; sourceTree = "<group>"; };
		BB9441C08EC601F0C4AABC39 /* DSTARSettingsTests.swift */ = {isa = PBXFileReference; lastKnownFileType = sourcecode.swift; path = DSTARSettingsTests.swift; sourceTree = "<group>"; };
		BC15414932F90BBDAB7AB22C /* DVFrame.swift */ = {isa = PBXFileReference; lastKnownFileType = sourcecode.swift; path = DVFrame.swift; sourceTree = "<group>"; };
		BDD084255725B53C80CDEB75 /* MMDVMBridge.swift */ = {isa = PBXFileReference; lastKnownFileType = sourcecode.swift; path = MMDVMBridge.swift; sourceTree = "<group>"; };
		C352622C78641E5200E9FE42 /* APRSSettingsView.swift */ = {isa = PBXFileReference; lastKnownFileType = sourcecode.swift; path = APRSSettingsView.swift; sourceTree = "<group>"; };
		C3BDBD2AADD87916ECFEC60C /* SerialPortDiscovery.swift */ = {isa = PBXFileReference; lastKnownFileType = sourcecode.swift; path = SerialPortDiscovery.swift; sourceTree = "<group>"; };
		CAF5E181DED3F7746B432A06 /* LiveControlSheet.swift */ = {isa = PBXFileReference; lastKnownFileType = sourcecode.swift; path = LiveControlSheet.swift; sourceTree = "<group>"; };
		CE76230E3CCB98F5D825FACB /* RFCOMMTransport.swift */ = {isa = PBXFileReference; lastKnownFileType = sourcecode.swift; path = RFCOMMTransport.swift; sourceTree = "<group>"; };
		CEAC1592CC6EF270112A1F1C /* RadioSettingsTests.swift */ = {isa = PBXFileReference; lastKnownFileType = sourcecode.swift; path = RadioSettingsTests.swift; sourceTree = "<group>"; };
		CF74353C616F7A519D8D93AE /* DCSProtocol.swift */ = {isa = PBXFileReference; lastKnownFileType = sourcecode.swift; path = DCSProtocol.swift; sourceTree = "<group>"; };
		D08622879627C35DE156292F /* AppSettingsView.swift */ = {isa = PBXFileReference; lastKnownFileType = sourcecode.swift; path = AppSettingsView.swift; sourceTree = "<group>"; };
		D0D84661A9CD96AD135470CF /* ReflectorTarget.swift */ = {isa = PBXFileReference; lastKnownFileType = sourcecode.swift; path = ReflectorTarget.swift; sourceTree = "<group>"; };
		D1631AA6D1E7EF61FE886ED4 /* TH-Programmer.app */ = {isa = PBXFileReference; explicitFileType = wrapper.application; includeInIndex = 0; path = "TH-Programmer.app"; sourceTree = BUILT_PRODUCTS_DIR; };
		D2A00423B6162F7B560BA2D7 /* PosixUDPSocket.swift */ = {isa = PBXFileReference; lastKnownFileType = sourcecode.swift; path = PosixUDPSocket.swift; sourceTree = "<group>"; };
		D40EA98EE501075145E10D97 /* imbe7200x4400_const.h */ = {isa = PBXFileReference; lastKnownFileType = sourcecode.c.h; path = imbe7200x4400_const.h; sourceTree = "<group>"; };
		D44A69C66CBBABA4EB91E1AF /* MMDVMParserTests.swift */ = {isa = PBXFileReference; lastKnownFileType = sourcecode.swift; path = MMDVMParserTests.swift; sourceTree = "<group>"; };
		D696CA474D2E08A0DF2BC604 /* DPlusClient.swift */ = {isa = PBXFileReference; lastKnownFileType = sourcecode.swift; path = DPlusClient.swift; sourceTree = "<group>"; };
		D95CE58190A0B3B4D74FB0EB /* ReflectorHostLookup.swift */ = {isa = PBXFileReference; lastKnownFileType = sourcecode.swift; path = ReflectorHostLookup.swift; sourceTree = "<group>"; };
		DCBF88117137CD84544B1C47 /* FavoritesManager.swift */ = {isa = PBXFileReference; lastKnownFileType = sourcecode.swift; path = FavoritesManager.swift; sourceTree = "<group>"; };
		DE9F02AFFDB5AA1A0DB90F14 /* AudioSourceMode.swift */ = {isa = PBXFileReference; lastKnownFileType = sourcecode.swift; path = AudioSourceMode.swift; sourceTree = "<group>"; };
		DF5B04F8227AAE6DF304A5EC /* RadioSettingsView.swift */ = {isa = PBXFileReference; lastKnownFileType = sourcecode.swift; path = RadioSettingsView.swift; sourceTree = "<group>"; };
		E43B99E301D89E237D23127E /* DVFrameDCSTests.swift */ = {isa = PBXFileReference; lastKnownFileType = sourcecode.swift; path = DVFrameDCSTests.swift; sourceTree = "<group>"; };
		E959FF1A326E962F78A83915 /* mbelib_const.h */ = {isa = PBXFileReference; lastKnownFileType = sourcecode.c.h; path = mbelib_const.h; sourceTree = "<group>"; };
		EAA539CCF2611F23FE1AF04E /* THD75Connection.swift */ = {isa = PBXFileReference; lastKnownFileType = sourcecode.swift; path = THD75Connection.swift; sourceTree = "<group>"; };
		EB0AAE5E6032B5CC116946C4 /* ecc_const.h */ = {isa = PBXFileReference; lastKnownFileType = sourcecode.c.h; path = ecc_const.h; sourceTree = "<group>"; };
		F03A5ACA9DD409F6D45DA900 /* MMDVMSerialTransport.swift */ = {isa = PBXFileReference; lastKnownFileType = sourcecode.swift; path = MMDVMSerialTransport.swift; sourceTree = "<group>"; };
		F0AA194BFD186E02ED8A7371 /* SerialPortDiscoveryTests.swift */ = {isa = PBXFileReference; lastKnownFileType = sourcecode.swift; path = SerialPortDiscoveryTests.swift; sourceTree = "<group>"; };
		F3077A7F80E896500A93C293 /* DExtraProtocolTests.swift */ = {isa = PBXFileReference; lastKnownFileType = sourcecode.swift; path = DExtraProtocolTests.swift; sourceTree = "<group>"; };
		F4FDD994784BC0C05312E68E /* CommunicationSettingsView.swift */ = {isa = PBXFileReference; lastKnownFileType = sourcecode.swift; path = CommunicationSettingsView.swift; sourceTree = "<group>"; };
		F53DB30CA52FEC47FE3A6B7D /* DCSClient.swift */ = {isa = PBXFileReference; lastKnownFileType = sourcecode.swift; path = DCSClient.swift; sourceTree = "<group>"; };
		F6834A7A798C9C3E9668A242 /* ReflectorDirectory.swift */ = {isa = PBXFileReference; lastKnownFileType = sourcecode.swift; path = ReflectorDirectory.swift; sourceTree = "<group>"; };
		F8C7E87D08578B7A1BB19C41 /* TerminalModeClient.swift */ = {isa = PBXFileReference; lastKnownFileType = sourcecode.swift; path = TerminalModeClient.swift; sourceTree = "<group>"; };
		F8E28B26C863334B10FF4239 /* LiveBluetoothTests.swift */ = {isa = PBXFileReference; lastKnownFileType = sourcecode.swift; path = LiveBluetoothTests.swift; sourceTree = "<group>"; };
		F9A1DD78A70A3FFE4BFBA301 /* CallChannelView.swift */ = {isa = PBXFileReference; lastKnownFileType = sourcecode.swift; path = CallChannelView.swift; sourceTree = "<group>"; };
/* End PBXFileReference section */

/* Begin PBXGroup section */
		020076774A9C27FF69FFBC2A /* Products */ = {
			isa = PBXGroup;
			children = (
				D1631AA6D1E7EF61FE886ED4 /* TH-Programmer.app */,
				54442BEB7969A269ECC7E734 /* TH-ProgrammerTests.xctest */,
			);
			name = Products;
			sourceTree = "<group>";
		};
		0974E16D75AC58E74496EF06 /* Audio */ = {
			isa = PBXGroup;
			children = (
				278BDC1B1B7C1E652732CF4E /* AMBECodec.swift */,
				0F2286E8053D4DDD65939EF7 /* AudioDeviceManager.swift */,
				69E485B095268EC19FA1397A /* AudioEngine.swift */,
				BAA705A20F485A07E7622358 /* AudioRingBuffer.swift */,
			);
			path = Audio;
			sourceTree = "<group>";
		};
		0D0B1368BD46DB66E7595E78 /* TH-ProgrammerTests */ = {
			isa = PBXGroup;
			children = (
				030E9D9A737F8240CD5ED343 /* AMBECodecTests.swift */,
				8556614B2B656025DAD5F7DC /* AMBEDeinterleaveTests.swift */,
				9D7A05DB111C8589930F2EA5 /* AudioRingBufferTests.swift */,
				7C0D4351896BA629F72DD5A9 /* BluetoothManagerTests.swift */,
				29587BA7D68B6D8199603970 /* ChannelMemoryTests.swift */,
				1F121863CEB2219C450634C9 /* DCSProtocolTests.swift */,
				F3077A7F80E896500A93C293 /* DExtraProtocolTests.swift */,
				BB9441C08EC601F0C4AABC39 /* DSTARSettingsTests.swift */,
				E43B99E301D89E237D23127E /* DVFrameDCSTests.swift */,
				6BC1BD9C60292452144E9A7B /* DVFrameTests.swift */,
				F8E28B26C863334B10FF4239 /* LiveBluetoothTests.swift */,
				D44A69C66CBBABA4EB91E1AF /* MMDVMParserTests.swift */,
				2D0B44E95AFCD4222410E462 /* NewCommandTests.swift */,
				CEAC1592CC6EF270112A1F1C /* RadioSettingsTests.swift */,
				91C5853D29BD147BD9005783 /* ReflectorHostLookupTests.swift */,
				7CB3298280D9C25D0D153900 /* RepeaterEntryTests.swift */,
				F0AA194BFD186E02ED8A7371 /* SerialPortDiscoveryTests.swift */,
				8DCF1BB92EC4623718D2C87E /* SlowDataDecoderTests.swift */,
				0752BE7C4DED2F0811BAF740 /* THD75LiveTests.swift */,
			);
			name = "TH-ProgrammerTests";
			path = "Tests/TH-ProgrammerTests";
			sourceTree = "<group>";
		};
		24D84738408C0D56FCA6E9B3 /* include */ = {
			isa = PBXGroup;
			children = (
				09EF5809A5B8D07384FBDE09 /* mbelib.h */,
			);
			path = include;
			sourceTree = "<group>";
		};
		67C0EFB3672B01226F830DD8 /* Reflector */ = {
			isa = PBXGroup;
			children = (
				F53DB30CA52FEC47FE3A6B7D /* DCSClient.swift */,
				CF74353C616F7A519D8D93AE /* DCSProtocol.swift */,
				8A396A50E8532099A21101FF /* DExtraClient.swift */,
				5E7CEC04673436B0B1C14A25 /* DExtraProtocol.swift */,
				422C953119F022DCAEF4AE83 /* DPlusAuthenticator.swift */,
				D696CA474D2E08A0DF2BC604 /* DPlusClient.swift */,
				249E80DAF59561AC0C356A8E /* DPlusProtocol.swift */,
				BC15414932F90BBDAB7AB22C /* DVFrame.swift */,
				DCBF88117137CD84544B1C47 /* FavoritesManager.swift */,
				D2A00423B6162F7B560BA2D7 /* PosixUDPSocket.swift */,
				8A4F6E96878342FCCF0B4A13 /* ReflectorClientProtocol.swift */,
				F6834A7A798C9C3E9668A242 /* ReflectorDirectory.swift */,
				D95CE58190A0B3B4D74FB0EB /* ReflectorHostLookup.swift */,
				6F5BE7C069A9C9DBE16018A0 /* SlowDataDecoder.swift */,
				F8C7E87D08578B7A1BB19C41 /* TerminalModeClient.swift */,
				618F77202B883241885B943E /* TerminalModeProtocol.swift */,
			);
			path = Reflector;
			sourceTree = "<group>";
		};
		6B7345D5F6C8BADFA0624472 /* TH-Programmer */ = {
			isa = PBXGroup;
			children = (
				7E7DF9778C3926CC35CC3FB6 /* RadioStore.swift */,
				209CB45ECA780828F2ACE530 /* ReflectorStore.swift */,
				A3DC727B0C0128D9BE66540B /* TH_ProgrammerApp.swift */,
				0974E16D75AC58E74496EF06 /* Audio */,
				FC54175AF8D555D32B43332F /* MMDVM */,
				B1399F9C9460D93AF11F80A5 /* Models */,
				D39BA326CD846F4D339DDFE1 /* Radio */,
				67C0EFB3672B01226F830DD8 /* Reflector */,
				DA1D4900C7267B701779073E /* Views */,
			);
			name = "TH-Programmer";
			path = "Sources/TH-Programmer";
			sourceTree = "<group>";
		};
		9C1121CA2322002FE658911D /* mbelib */ = {
			isa = PBXGroup;
			children = (
				AAA6FB361EBAACE8F6FCDBB5 /* ambe3600x2400_const.h */,
				33ADF2DFB160B97F2243BC2B /* ambe3600x2400.c */,
				84AEE33868C8CE1869BC86D5 /* ambe3600x2450_const.h */,
				4C8B72BB1C77366F5F3258AD /* ambe3600x2450.c */,
				3D9679CF5DE0E1903E794712 /* config.h */,
				EB0AAE5E6032B5CC116946C4 /* ecc_const.h */,
				9C6CAEBA208D946A5B0EA2D9 /* ecc.c */,
				D40EA98EE501075145E10D97 /* imbe7200x4400_const.h */,
				2E66EDA9A2F3CEF572E0CCBC /* imbe7200x4400.c */,
				B8718697807DF7F93DAFFBC3 /* LICENSE */,
				E959FF1A326E962F78A83915 /* mbelib_const.h */,
				39EBC5F98CCA5AA17952A720 /* mbelib.c */,
				24D84738408C0D56FCA6E9B3 /* include */,
			);
			name = mbelib;
			path = Sources/mbelib;
			sourceTree = "<group>";
		};
		B1399F9C9460D93AF11F80A5 /* Models */ = {
			isa = PBXGroup;
			children = (
				DE9F02AFFDB5AA1A0DB90F14 /* AudioSourceMode.swift */,
				9209B21CA2A445E671DDEE4B /* ChannelMemory.swift */,
				4CF1ED748E3BCEEE73D70E56 /* GatewayMode.swift */,
				3370B543091F9AD67A31CB9E /* HeardStation.swift */,
				3999E29455D13C2A7E92C142 /* MemoryMap.swift */,
				3223836CB9EB7EEB6DEEE2DD /* RadioConstants.swift */,
				27F9DA30B15F36513AD817EE /* RadioSettings.swift */,
				5CCB47A77FE83E16BCB4A10C /* ReflectorFavorite.swift */,
				D0D84661A9CD96AD135470CF /* ReflectorTarget.swift */,
				7426888580A1AFF3C4CEDE14 /* RepeaterEntry.swift */,
			);
			path = Models;
			sourceTree = "<group>";
		};
		D39BA326CD846F4D339DDFE1 /* Radio */ = {
			isa = PBXGroup;
			children = (
				BB1F7829B3B1E38A9866C1E7 /* BluetoothManager.swift */,
				9213AA3B67FE35CEA6FA7F27 /* SerialPort.swift */,
				EAA539CCF2611F23FE1AF04E /* THD75Connection.swift */,
				63CF3DA91605E63CDBD43E40 /* THD75LiveConnection.swift */,
				6927321EF873A4E46CC8A0A7 /* USBRadioDetector.swift */,
			);
			path = Radio;
			sourceTree = "<group>";
		};
		DA1D4900C7267B701779073E /* Views */ = {
			isa = PBXGroup;
			children = (
				D08622879627C35DE156292F /* AppSettingsView.swift */,
				C352622C78641E5200E9FE42 /* APRSSettingsView.swift */,
				F9A1DD78A70A3FFE4BFBA301 /* CallChannelView.swift */,
				156E2B55627E19B718381055 /* ChannelEditSheet.swift */,
				2DAB9446A358BAAAD1C8397C /* ChannelEditView.swift */,
				9245B3B8AC23F7B912B899AB /* ChannelListView.swift */,
				F4FDD994784BC0C05312E68E /* CommunicationSettingsView.swift */,
				46F5EF6659B7CE212A67573E /* ContentView.swift */,
				8239947C6081AF47E40E60EA /* DRRepeaterView.swift */,
				4A16782094B82184D4923A33 /* DSTARSettingsView.swift */,
				A48199DA4CFE7A72EF57D497 /* HotspotView.swift */,
				CAF5E181DED3F7746B432A06 /* LiveControlSheet.swift */,
				DF5B04F8227AAE6DF304A5EC /* RadioSettingsView.swift */,
				1D30395625DB5E54A5B74BAC /* ReflectorDirectorySheet.swift */,
				0A666BC4A74047CE7804AFF4 /* ReflectorView.swift */,
				9B5C1335F64CFAD84EE50A70 /* RepeaterBookView.swift */,
				B1078AF4F0AF42D5EAFC433D /* ScanEdgeView.swift */,
				062F46E3698C74398933FD0B /* WeatherChannelView.swift */,
			);
			path = Views;
			sourceTree = "<group>";
		};
		ED6400797F45DBAF44B374C9 = {
			isa = PBXGroup;
			children = (
				9C1121CA2322002FE658911D /* mbelib */,
				6B7345D5F6C8BADFA0624472 /* TH-Programmer */,
				0D0B1368BD46DB66E7595E78 /* TH-ProgrammerTests */,
				020076774A9C27FF69FFBC2A /* Products */,
			);
			sourceTree = "<group>";
		};
		FC54175AF8D555D32B43332F /* MMDVM */ = {
			isa = PBXGroup;
			children = (
				BDD084255725B53C80CDEB75 /* MMDVMBridge.swift */,
				47B22C18890A445818921CE9 /* MMDVMParser.swift */,
				69D5A8C36ABC0CC8CB32CBBD /* MMDVMProtocol.swift */,
				F03A5ACA9DD409F6D45DA900 /* MMDVMSerialTransport.swift */,
				23835E758FBA2252B0D9F444 /* MMDVMTransport.swift */,
				CE76230E3CCB98F5D825FACB /* RFCOMMTransport.swift */,
				C3BDBD2AADD87916ECFEC60C /* SerialPortDiscovery.swift */,
			);
			path = MMDVM;
			sourceTree = "<group>";
		};
/* End PBXGroup section */

/* Begin PBXNativeTarget section */
		1B55F661C7F7C7E29C4C4B29 /* TH-ProgrammerTests */ = {
			isa = PBXNativeTarget;
			buildConfigurationList = 6BD4B08CE2953EE4BFAF0127 /* Build configuration list for PBXNativeTarget "TH-ProgrammerTests" */;
			buildPhases = (
				AB21B5FEE8EC837344BA443E /* Sources */,
			);
			buildRules = (
			);
			dependencies = (
				5E80252CD1F8BD5227BCFB5B /* PBXTargetDependency */,
			);
			name = "TH-ProgrammerTests";
			packageProductDependencies = (
			);
			productName = "TH-ProgrammerTests";
			productReference = 54442BEB7969A269ECC7E734 /* TH-ProgrammerTests.xctest */;
			productType = "com.apple.product-type.bundle.unit-test";
		};
		C412E9D039F0DCE2D4EAC2E5 /* TH-Programmer */ = {
			isa = PBXNativeTarget;
			buildConfigurationList = 3BBAA050EC992217B5253193 /* Build configuration list for PBXNativeTarget "TH-Programmer" */;
			buildPhases = (
				88CA45551A1D09CD8A0A08AB /* Sources */,
			);
			buildRules = (
			);
			dependencies = (
			);
			name = "TH-Programmer";
			packageProductDependencies = (
			);
			productName = "TH-Programmer";
			productReference = D1631AA6D1E7EF61FE886ED4 /* TH-Programmer.app */;
			productType = "com.apple.product-type.application";
		};
/* End PBXNativeTarget section */

/* Begin PBXProject section */
		449A398C7A8D1D7BC8F01A19 /* Project object */ = {
			isa = PBXProject;
			attributes = {
				BuildIndependentTargetsInParallel = YES;
				LastUpgradeCheck = 1630;
			};
			buildConfigurationList = 32AF066BC7082A2BD562EF44 /* Build configuration list for PBXProject "TH-Programmer" */;
			compatibilityVersion = "Xcode 14.0";
			developmentRegion = en;
			hasScannedForEncodings = 0;
			knownRegions = (
				Base,
				en,
			);
			mainGroup = ED6400797F45DBAF44B374C9;
			minimizedProjectReferenceProxies = 1;
			preferredProjectObjectVersion = 77;
			projectDirPath = "";
			projectRoot = "";
			targets = (
				C412E9D039F0DCE2D4EAC2E5 /* TH-Programmer */,
				1B55F661C7F7C7E29C4C4B29 /* TH-ProgrammerTests */,
			);
		};
/* End PBXProject section */

/* Begin PBXSourcesBuildPhase section */
		88CA45551A1D09CD8A0A08AB /* Sources */ = {
			isa = PBXSourcesBuildPhase;
			buildActionMask = 2147483647;
			files = (
				41AC195A582C5F5994C79DA2 /* AMBECodec.swift in Sources */,
				8B0AD2FE85F0C8299E919EFE /* APRSSettingsView.swift in Sources */,
				C98F51B1CC517C39098C2D91 /* AppSettingsView.swift in Sources */,
				45BD05B824C5EDE144D6F634 /* AudioDeviceManager.swift in Sources */,
				6E27A5C26391DAD776B12474 /* AudioEngine.swift in Sources */,
				EC54718B56888FD2D827960C /* AudioRingBuffer.swift in Sources */,
				AAF404503C0521A8A41D3445 /* AudioSourceMode.swift in Sources */,
				D9A46FCB8E18FE3AC3BC1A3D /* BluetoothManager.swift in Sources */,
				BF35CC3CC8BB8F673426AB52 /* CallChannelView.swift in Sources */,
				534BE35A6C489773896B5FEA /* ChannelEditSheet.swift in Sources */,
				F9D78942673BF9DC497E0C03 /* ChannelEditView.swift in Sources */,
				8C586FB98DDEF07B54A1A949 /* ChannelListView.swift in Sources */,
				68C0089DA276D245D74E3FF9 /* ChannelMemory.swift in Sources */,
				95E16D8FDBB09736AE66B176 /* CommunicationSettingsView.swift in Sources */,
				C49AAE4D71FA486914C81A19 /* ContentView.swift in Sources */,
				10A3C5EFD723DDFEFED3830F /* DCSClient.swift in Sources */,
				80DCD3621B22FA63CE564BDD /* DCSProtocol.swift in Sources */,
				1EEB7B8375CC44C71A4FFA50 /* DExtraClient.swift in Sources */,
				1FF4AF875B2A4B9EC70580F2 /* DExtraProtocol.swift in Sources */,
				68C041BE2C89E731A19DD29A /* DPlusAuthenticator.swift in Sources */,
				4DDC19F9A2EFF72EE0186BBD /* DPlusClient.swift in Sources */,
				BBBE36705CAED60CA9D5DE46 /* DPlusProtocol.swift in Sources */,
				4D9F6C9E6A3AFE43A0940935 /* DRRepeaterView.swift in Sources */,
				60CF72359936CF0217F11A7D /* DSTARSettingsView.swift in Sources */,
				F86080CBA6A65A7F999E3B42 /* DVFrame.swift in Sources */,
				1733B82ED144766BBF76FD27 /* FavoritesManager.swift in Sources */,
				75BD8B9E5A30F4C6FD5E00C6 /* GatewayMode.swift in Sources */,
				5E4136534F1AD0CCAC2B1143 /* HeardStation.swift in Sources */,
				3FDE74512FEF21B01AFDC380 /* HotspotView.swift in Sources */,
				9B336A7FC8532B3FA18A50A6 /* LiveControlSheet.swift in Sources */,
				DF7A1ADDF6C487DA0415F2B1 /* MMDVMBridge.swift in Sources */,
				2CC86C6DAE35F46165931EF2 /* MMDVMParser.swift in Sources */,
				0BE10074EE5C829C1B3CA266 /* MMDVMProtocol.swift in Sources */,
				D9674ACF2C4FCFD9D328259B /* MMDVMSerialTransport.swift in Sources */,
				802CA79E195A9B302868BFF2 /* MMDVMTransport.swift in Sources */,
				F11EFE26D73D5DBF3BDFE3EF /* MemoryMap.swift in Sources */,
				EAE9ECCBAB14C66AAE8F1ADE /* PosixUDPSocket.swift in Sources */,
				B7C69B6883BA28199AC9F6B2 /* RFCOMMTransport.swift in Sources */,
				5EC1030BEDE1B9F3777C7B8C /* RadioConstants.swift in Sources */,
				63ABB9D7293D05F9C1FF1750 /* RadioSettings.swift in Sources */,
				05F1EE4A0D9D320D58AC3970 /* RadioSettingsView.swift in Sources */,
				C150EC3E6411FD4DEF2714FE /* RadioStore.swift in Sources */,
				164E7757B1392C60F2A58481 /* ReflectorClientProtocol.swift in Sources */,
				A5E246FA755798604508B899 /* ReflectorDirectory.swift in Sources */,
				CDA11095A374C76DA805A6C4 /* ReflectorDirectorySheet.swift in Sources */,
				88C2264E3DDA3A6E7D413FA9 /* ReflectorFavorite.swift in Sources */,
				2184050685DD42FE15D7628F /* ReflectorHostLookup.swift in Sources */,
				7FF0AA4891A2C4A4F9F86F5E /* ReflectorStore.swift in Sources */,
				79327A2C6DDECB361653F7EA /* ReflectorTarget.swift in Sources */,
				907BB6F148C8605AAB33BCE6 /* ReflectorView.swift in Sources */,
				B4B0A743FA0EA76304F132A8 /* RepeaterBookView.swift in Sources */,
				B1E8A7225DA7E5008A9831F6 /* RepeaterEntry.swift in Sources */,
				336DBFFB0C7D536094C214AE /* ScanEdgeView.swift in Sources */,
				7082FA5920E855DD68AF6245 /* SerialPort.swift in Sources */,
				8B0BF65B7F1BED7B679E0B5D /* SerialPortDiscovery.swift in Sources */,
				14D4E43F8ECFDA1971D86502 /* SlowDataDecoder.swift in Sources */,
				BE57BF583547344C2D2913CB /* THD75Connection.swift in Sources */,
				0801BF53A18E5E9A3E357FCC /* THD75LiveConnection.swift in Sources */,
				28A3278371007726848854E9 /* TH_ProgrammerApp.swift in Sources */,
				68597C880043C2C49BBDACE3 /* TerminalModeClient.swift in Sources */,
				164E3D0321F3827A9D18E3EF /* TerminalModeProtocol.swift in Sources */,
				8D086BE5EB965CD5B876202C /* USBRadioDetector.swift in Sources */,
				04F2FEE8441C4B00787562DF /* WeatherChannelView.swift in Sources */,
				435809C07347CE9A782CEF25 /* ambe3600x2400.c in Sources */,
				CCFEC3239DB1B325F9272B55 /* ambe3600x2450.c in Sources */,
				47AA6D92862CFBA02A9F5D3C /* ecc.c in Sources */,
				341151DF610D61B84E6F35A6 /* imbe7200x4400.c in Sources */,
				DF36D9264E81B99D434C342D /* mbelib.c in Sources */,
			);
			runOnlyForDeploymentPostprocessing = 0;
		};
		AB21B5FEE8EC837344BA443E /* Sources */ = {
			isa = PBXSourcesBuildPhase;
			buildActionMask = 2147483647;
			files = (
				A265D998EF5B24DA2DE5172F /* AMBECodecTests.swift in Sources */,
				92C237D560CBF1247877DEDD /* AMBEDeinterleaveTests.swift in Sources */,
				BB8E999F0D87429F5BC9D880 /* AudioRingBufferTests.swift in Sources */,
				DD9E2609DE97976373A06D9C /* BluetoothManagerTests.swift in Sources */,
				CBFB36F0BB71B96EA2771464 /* ChannelMemoryTests.swift in Sources */,
				46387DA490FC117EC49D5DA5 /* DCSProtocolTests.swift in Sources */,
				68C94556B3955D204BAC1334 /* DExtraProtocolTests.swift in Sources */,
				72D1B2E8509D544B0F2A64D3 /* DSTARSettingsTests.swift in Sources */,
				8159C2DA806F77902E98A0B9 /* DVFrameDCSTests.swift in Sources */,
				B20F760BF6D83018B2752A5F /* DVFrameTests.swift in Sources */,
				0ED9FB143EC41711DA0A23C2 /* LiveBluetoothTests.swift in Sources */,
				D9D1C4F29E8025084A788CCA /* MMDVMParserTests.swift in Sources */,
				A1DC532ABB63C7022DE35962 /* NewCommandTests.swift in Sources */,
				CD9846D7DDB5006B6D4247E1 /* RadioSettingsTests.swift in Sources */,
				A09A78BF5618CBFDE3E76C50 /* ReflectorHostLookupTests.swift in Sources */,
				E563E48325E2E511E6DFEA3C /* RepeaterEntryTests.swift in Sources */,
				05A72FAC8332307A99F87C87 /* SerialPortDiscoveryTests.swift in Sources */,
				BE63B949423FC256DA87B5F8 /* SlowDataDecoderTests.swift in Sources */,
				89207E9075DA46020FCC178D /* THD75LiveTests.swift in Sources */,
			);
			runOnlyForDeploymentPostprocessing = 0;
		};
/* End PBXSourcesBuildPhase section */

/* Begin PBXTargetDependency section */
		5E80252CD1F8BD5227BCFB5B /* PBXTargetDependency */ = {
			isa = PBXTargetDependency;
			target = C412E9D039F0DCE2D4EAC2E5 /* TH-Programmer */;
			targetProxy = F9E8F5AFA974FC4C005E59F2 /* PBXContainerItemProxy */;
		};
/* End PBXTargetDependency section */

/* Begin XCBuildConfiguration section */
		189ED30E61A745E79BB54894 /* Release */ = {
			isa = XCBuildConfiguration;
			buildSettings = {
				BUNDLE_LOADER = "$(TEST_HOST)";
				COMBINE_HIDPI_IMAGES = YES;
				GENERATE_INFOPLIST_FILE = YES;
				HEADER_SEARCH_PATHS = (
					"$(PROJECT_DIR)/Sources/mbelib",
					"$(PROJECT_DIR)/Sources/mbelib/include",
				);
				LD_RUNPATH_SEARCH_PATHS = (
					"$(inherited)",
					"@executable_path/../Frameworks",
					"@loader_path/../Frameworks",
				);
				PRODUCT_BUNDLE_IDENTIFIER = "com.ai5os.th-programmer-tests";
				SDKROOT = macosx;
				TEST_HOST = "$(BUILT_PRODUCTS_DIR)/TH-Programmer.app/Contents/MacOS/TH-Programmer";
			};
			name = Release;
		};
		35FDBC8BD5D699BA90DBC1B8 /* Debug */ = {
			isa = XCBuildConfiguration;
			buildSettings = {
				ALWAYS_SEARCH_USER_PATHS = NO;
				CLANG_ANALYZER_NONNULL = YES;
				CLANG_ANALYZER_NUMBER_OBJECT_CONVERSION = YES_AGGRESSIVE;
				CLANG_CXX_LANGUAGE_STANDARD = "gnu++14";
				CLANG_CXX_LIBRARY = "libc++";
				CLANG_ENABLE_MODULES = YES;
				CLANG_ENABLE_OBJC_ARC = YES;
				CLANG_ENABLE_OBJC_WEAK = YES;
				CLANG_WARN_BLOCK_CAPTURE_AUTORELEASING = YES;
				CLANG_WARN_BOOL_CONVERSION = YES;
				CLANG_WARN_COMMA = YES;
				CLANG_WARN_CONSTANT_CONVERSION = YES;
				CLANG_WARN_DEPRECATED_OBJC_IMPLEMENTATIONS = YES;
				CLANG_WARN_DIRECT_OBJC_ISA_USAGE = YES_ERROR;
				CLANG_WARN_DOCUMENTATION_COMMENTS = YES;
				CLANG_WARN_EMPTY_BODY = YES;
				CLANG_WARN_ENUM_CONVERSION = YES;
				CLANG_WARN_INFINITE_RECURSION = YES;
				CLANG_WARN_INT_CONVERSION = YES;
				CLANG_WARN_NON_LITERAL_NULL_CONVERSION = YES;
				CLANG_WARN_OBJC_IMPLICIT_RETAIN_SELF = YES;
				CLANG_WARN_OBJC_LITERAL_CONVERSION = YES;
				CLANG_WARN_OBJC_ROOT_CLASS = YES_ERROR;
				CLANG_WARN_QUOTED_INCLUDE_IN_FRAMEWORK_HEADER = YES;
				CLANG_WARN_RANGE_LOOP_ANALYSIS = YES;
				CLANG_WARN_STRICT_PROTOTYPES = YES;
				CLANG_WARN_SUSPICIOUS_MOVE = YES;
				CLANG_WARN_UNGUARDED_AVAILABILITY = YES_AGGRESSIVE;
				CLANG_WARN_UNREACHABLE_CODE = YES;
				CLANG_WARN__DUPLICATE_METHOD_MATCH = YES;
				COPY_PHASE_STRIP = NO;
				DEBUG_INFORMATION_FORMAT = dwarf;
				ENABLE_STRICT_OBJC_MSGSEND = YES;
				ENABLE_TESTABILITY = YES;
				GCC_C_LANGUAGE_STANDARD = gnu11;
				GCC_DYNAMIC_NO_PIC = NO;
				GCC_NO_COMMON_BLOCKS = YES;
				GCC_OPTIMIZATION_LEVEL = 0;
				GCC_PREPROCESSOR_DEFINITIONS = (
					"$(inherited)",
					"DEBUG=1",
				);
				GCC_WARN_64_TO_32_BIT_CONVERSION = YES;
				GCC_WARN_ABOUT_RETURN_TYPE = YES_ERROR;
				GCC_WARN_UNDECLARED_SELECTOR = YES;
				GCC_WARN_UNINITIALIZED_AUTOS = YES_AGGRESSIVE;
				GCC_WARN_UNUSED_FUNCTION = YES;
				GCC_WARN_UNUSED_VARIABLE = YES;
				MACOSX_DEPLOYMENT_TARGET = 14.0;
				MTL_ENABLE_DEBUG_INFO = INCLUDE_SOURCE;
				MTL_FAST_MATH = YES;
				ONLY_ACTIVE_ARCH = YES;
				PRODUCT_NAME = "$(TARGET_NAME)";
				SDKROOT = macosx;
				SWIFT_ACTIVE_COMPILATION_CONDITIONS = DEBUG;
				SWIFT_OPTIMIZATION_LEVEL = "-Onone";
				SWIFT_VERSION = 5.9;
			};
			name = Debug;
		};
		5E12E8CFB3E8D5DA6B214C16 /* Release */ = {
			isa = XCBuildConfiguration;
			buildSettings = {
				ALWAYS_SEARCH_USER_PATHS = NO;
				CLANG_ANALYZER_NONNULL = YES;
				CLANG_ANALYZER_NUMBER_OBJECT_CONVERSION = YES_AGGRESSIVE;
				CLANG_CXX_LANGUAGE_STANDARD = "gnu++14";
				CLANG_CXX_LIBRARY = "libc++";
				CLANG_ENABLE_MODULES = YES;
				CLANG_ENABLE_OBJC_ARC = YES;
				CLANG_ENABLE_OBJC_WEAK = YES;
				CLANG_WARN_BLOCK_CAPTURE_AUTORELEASING = YES;
				CLANG_WARN_BOOL_CONVERSION = YES;
				CLANG_WARN_COMMA = YES;
				CLANG_WARN_CONSTANT_CONVERSION = YES;
				CLANG_WARN_DEPRECATED_OBJC_IMPLEMENTATIONS = YES;
				CLANG_WARN_DIRECT_OBJC_ISA_USAGE = YES_ERROR;
				CLANG_WARN_DOCUMENTATION_COMMENTS = YES;
				CLANG_WARN_EMPTY_BODY = YES;
				CLANG_WARN_ENUM_CONVERSION = YES;
				CLANG_WARN_INFINITE_RECURSION = YES;
				CLANG_WARN_INT_CONVERSION = YES;
				CLANG_WARN_NON_LITERAL_NULL_CONVERSION = YES;
				CLANG_WARN_OBJC_IMPLICIT_RETAIN_SELF = YES;
				CLANG_WARN_OBJC_LITERAL_CONVERSION = YES;
				CLANG_WARN_OBJC_ROOT_CLASS = YES_ERROR;
				CLANG_WARN_QUOTED_INCLUDE_IN_FRAMEWORK_HEADER = YES;
				CLANG_WARN_RANGE_LOOP_ANALYSIS = YES;
				CLANG_WARN_STRICT_PROTOTYPES = YES;
				CLANG_WARN_SUSPICIOUS_MOVE = YES;
				CLANG_WARN_UNGUARDED_AVAILABILITY = YES_AGGRESSIVE;
				CLANG_WARN_UNREACHABLE_CODE = YES;
				CLANG_WARN__DUPLICATE_METHOD_MATCH = YES;
				COPY_PHASE_STRIP = NO;
				DEBUG_INFORMATION_FORMAT = "dwarf-with-dsym";
				ENABLE_NS_ASSERTIONS = NO;
				ENABLE_STRICT_OBJC_MSGSEND = YES;
				GCC_C_LANGUAGE_STANDARD = gnu11;
				GCC_NO_COMMON_BLOCKS = YES;
				GCC_WARN_64_TO_32_BIT_CONVERSION = YES;
				GCC_WARN_ABOUT_RETURN_TYPE = YES_ERROR;
				GCC_WARN_UNDECLARED_SELECTOR = YES;
				GCC_WARN_UNINITIALIZED_AUTOS = YES_AGGRESSIVE;
				GCC_WARN_UNUSED_FUNCTION = YES;
				GCC_WARN_UNUSED_VARIABLE = YES;
				MACOSX_DEPLOYMENT_TARGET = 14.0;
				MTL_ENABLE_DEBUG_INFO = NO;
				MTL_FAST_MATH = YES;
				PRODUCT_NAME = "$(TARGET_NAME)";
				SDKROOT = macosx;
				SWIFT_COMPILATION_MODE = wholemodule;
				SWIFT_OPTIMIZATION_LEVEL = "-O";
				SWIFT_VERSION = 5.9;
			};
			name = Release;
		};
		89E1A62FCF1EB81D898DBDA7 /* Debug */ = {
			isa = XCBuildConfiguration;
			buildSettings = {
				ASSETCATALOG_COMPILER_APPICON_NAME = AppIcon;
				CODE_SIGN_ENTITLEMENTS = "TH-Programmer.entitlements";
				CODE_SIGN_IDENTITY = "-";
				COMBINE_HIDPI_IMAGES = YES;
				GENERATE_INFOPLIST_FILE = YES;
				HEADER_SEARCH_PATHS = (
					"$(PROJECT_DIR)/Sources/mbelib",
					"$(PROJECT_DIR)/Sources/mbelib/include",
				);
				INFOPLIST_FILE = "";
				INFOPLIST_KEY_CFBundleDisplayName = "TH-Programmer";
				INFOPLIST_KEY_NSBluetoothAlwaysUsageDescription = "TH-Programmer uses Bluetooth to communicate with your Kenwood TH-D75 radio.";
				INFOPLIST_KEY_NSLocalNetworkUsageDescription = "TH-Programmer connects to D-STAR reflector servers over the network.";
				INFOPLIST_KEY_NSMicrophoneUsageDescription = "TH-Programmer uses the microphone for D-STAR voice transmission in software codec mode.";
				LD_RUNPATH_SEARCH_PATHS = (
					"$(inherited)",
					"@executable_path/../Frameworks",
				);
				PRODUCT_BUNDLE_IDENTIFIER = "com.ai5os.th-programmer";
				PRODUCT_NAME = "TH-Programmer";
				SDKROOT = macosx;
				SWIFT_ACTIVE_COMPILATION_CONDITIONS = DEBUG;
				SWIFT_OBJC_BRIDGING_HEADER = "Sources/TH-Programmer/BridgingHeader.h";
			};
			name = Debug;
		};
		BC8756F80612E78F4B0E6DA8 /* Debug */ = {
			isa = XCBuildConfiguration;
			buildSettings = {
				BUNDLE_LOADER = "$(TEST_HOST)";
				COMBINE_HIDPI_IMAGES = YES;
				GENERATE_INFOPLIST_FILE = YES;
				HEADER_SEARCH_PATHS = (
					"$(PROJECT_DIR)/Sources/mbelib",
					"$(PROJECT_DIR)/Sources/mbelib/include",
				);
				LD_RUNPATH_SEARCH_PATHS = (
					"$(inherited)",
					"@executable_path/../Frameworks",
					"@loader_path/../Frameworks",
				);
				PRODUCT_BUNDLE_IDENTIFIER = "com.ai5os.th-programmer-tests";
				SDKROOT = macosx;
				TEST_HOST = "$(BUILT_PRODUCTS_DIR)/TH-Programmer.app/Contents/MacOS/TH-Programmer";
			};
			name = Debug;
		};
		D02AA786B69B2893BFC85B13 /* Release */ = {
			isa = XCBuildConfiguration;
			buildSettings = {
				ASSETCATALOG_COMPILER_APPICON_NAME = AppIcon;
				CODE_SIGN_ENTITLEMENTS = "TH-Programmer.entitlements";
				CODE_SIGN_IDENTITY = "-";
				COMBINE_HIDPI_IMAGES = YES;
				GENERATE_INFOPLIST_FILE = YES;
				HEADER_SEARCH_PATHS = (
					"$(PROJECT_DIR)/Sources/mbelib",
					"$(PROJECT_DIR)/Sources/mbelib/include",
				);
				INFOPLIST_FILE = "";
				INFOPLIST_KEY_CFBundleDisplayName = "TH-Programmer";
				INFOPLIST_KEY_NSBluetoothAlwaysUsageDescription = "TH-Programmer uses Bluetooth to communicate with your Kenwood TH-D75 radio.";
				INFOPLIST_KEY_NSLocalNetworkUsageDescription = "TH-Programmer connects to D-STAR reflector servers over the network.";
				INFOPLIST_KEY_NSMicrophoneUsageDescription = "TH-Programmer uses the microphone for D-STAR voice transmission in software codec mode.";
				LD_RUNPATH_SEARCH_PATHS = (
					"$(inherited)",
					"@executable_path/../Frameworks",
				);
				PRODUCT_BUNDLE_IDENTIFIER = "com.ai5os.th-programmer";
				PRODUCT_NAME = "TH-Programmer";
				SDKROOT = macosx;
				SWIFT_ACTIVE_COMPILATION_CONDITIONS = "";
				SWIFT_COMPILATION_MODE = wholemodule;
				SWIFT_OBJC_BRIDGING_HEADER = "Sources/TH-Programmer/BridgingHeader.h";
			};
			name = Release;
		};
/* End XCBuildConfiguration section */

/* Begin XCConfigurationList section */
		32AF066BC7082A2BD562EF44 /* Build configuration list for PBXProject "TH-Programmer" */ = {
			isa = XCConfigurationList;
			buildConfigurations = (
				35FDBC8BD5D699BA90DBC1B8 /* Debug */,
				5E12E8CFB3E8D5DA6B214C16 /* Release */,
			);
			defaultConfigurationIsVisible = 0;
			defaultConfigurationName = Debug;
		};
		3BBAA050EC992217B5253193 /* Build configuration list for PBXNativeTarget "TH-Programmer" */ = {
			isa = XCConfigurationList;
			buildConfigurations = (
				89E1A62FCF1EB81D898DBDA7 /* Debug */,
				D02AA786B69B2893BFC85B13 /* Release */,
			);
			defaultConfigurationIsVisible = 0;
			defaultConfigurationName = Debug;
		};
		6BD4B08CE2953EE4BFAF0127 /* Build configuration list for PBXNativeTarget "TH-ProgrammerTests" */ = {
			isa = XCConfigurationList;
			buildConfigurations = (
				BC8756F80612E78F4B0E6DA8 /* Debug */,
				189ED30E61A745E79BB54894 /* Release */,
			);
			defaultConfigurationIsVisible = 0;
			defaultConfigurationName = Debug;
		};
/* End XCConfigurationList section */
	};
	rootObject = 449A398C7A8D1D7BC8F01A19 /* Project object */;
}
